
Microsoft Visual Studio Solution File, Format Version 12.00
# Visual Studio Version 17
VisualStudioVersion = 17.13.35931.197 d17.13
MinimumVisualStudioVersion = 10.0.40219.1
Project("{8BC9CEB8-8B4A-11D0-8D11-00A0C91BC942}") = "HelloUnreal", "HelloUnreal\HelloUnreal.vcxproj", "{AA97D46E-D4F2-452B-ACA5-2FD8FA7E5132}"
EndProject
Project("{8BC9CEB8-8B4A-11D0-8D11-00A0C91BC942}") = "DT", "DT\DT.vcxproj", "{3E4EA928-6F7B-481A-8166-E249FB0A01D4}"
EndProject
Global
	GlobalSection(SolutionConfigurationPlatforms) = preSolution
		Debug|x64 = Debug|x64
		Debug|x86 = Debug|x86
		Release|x64 = Release|x64
		Release|x86 = Release|x86
	EndGlobalSection
	GlobalSection(ProjectConfigurationPlatforms) = postSolution
		{AA97D46E-D4F2-452B-ACA5-2FD8FA7E5132}.Debug|x64.ActiveCfg = Debug|x64
		{AA97D46E-D4F2-452B-ACA5-2FD8FA7E5132}.Debug|x64.Build.0 = Debug|x64
		{AA97D46E-D4F2-452B-ACA5-2FD8FA7E5132}.Debug|x86.ActiveCfg = Debug|Win32
		{AA97D46E-D4F2-452B-ACA5-2FD8FA7E5132}.Debug|x86.Build.0 = Debug|Win32
		{AA97D46E-D4F2-452B-ACA5-2FD8FA7E5132}.Release|x64.ActiveCfg = Release|x64
		{AA97D46E-D4F2-452B-ACA5-2FD8FA7E5132}.Release|x64.Build.0 = Release|x64
		{AA97D46E-D4F2-452B-ACA5-2FD8FA7E5132}.Release|x86.ActiveCfg = Release|Win32
		{AA97D46E-D4F2-452B-ACA5-2FD8FA7E5132}.Release|x86.Build.0 = Release|Win32
		{3E4EA928-6F7B-481A-8166-E249FB0A01D4}.Debug|x64.ActiveCfg = Debug|x64
		{3E4EA928-6F7B-481A-8166-E249FB0A01D4}.Debug|x64.Build.0 = Debug|x64
		{3E4EA928-6F7B-481A-8166-E249FB0A01D4}.Debug|x86.ActiveCfg = Debug|Win32
		{3E4EA928-6F7B-481A-8166-E249FB0A01D4}.Debug|x86.Build.0 = Debug|Win32
		{3E4EA928-6F7B-481A-8166-E249FB0A01D4}.Release|x64.ActiveCfg = Release|x64
		{3E4EA928-6F7B-481A-8166-E249FB0A01D4}.Release|x64.Build.0 = Release|x64
		{3E4EA928-6F7B-481A-8166-E249FB0A01D4}.Release|x86.ActiveCfg = Release|Win32
		{3E4EA928-6F7B-481A-8166-E249FB0A01D4}.Release|x86.Build.0 = Release|Win32
	EndGlobalSection
	GlobalSection(SolutionProperties) = preSolution
		HideSolutionNode = FALSE
	EndGlobalSection
	GlobalSection(ExtensibilityGlobals) = postSolution
		SolutionGuid = {241561BC-C369-446F-8DD7-001B54F484FB}
	EndGlobalSection
EndGlobal
